
Microsoft Visual Studio Solution File, Format Version 12.00
# Visual Studio Version 17
VisualStudioVersion = 17.3.32825.248
MinimumVisualStudioVersion = 10.0.40219.1
Project("{9A19103F-16F7-4668-BE54-9A1E7A4F7556}") = "Restaurant", "Restaurant\Restaurant.csproj", "{B1B1AC0C-DF43-4AF5-9285-68C87E810D4E}"
EndProject
Project("{9A19103F-16F7-4668-BE54-9A1E7A4F7556}") = "RestaurantLibrary", "RestaurantLibrary\RestaurantLibrary.csproj", "{F2191F99-8B99-4C58-88EE-A38E2F1022B5}"
EndProject
Project("{FAE04EC0-301F-11D3-BF4B-00C04F79EFBC}") = "RestaurantLibrary.Tests", "RestaurantLibrary.Tests\RestaurantLibrary.Tests.csproj", "{6FE687CC-F510-4F50-B3BB-81BFC94C4D44}"
EndProject
Global
	GlobalSection(SolutionConfigurationPlatforms) = preSolution
		Debug|Any CPU = Debug|Any CPU
		Release|Any CPU = Release|Any CPU
	EndGlobalSection
	GlobalSection(ProjectConfigurationPlatforms) = postSolution
		{B1B1AC0C-DF43-4AF5-9285-68C87E810D4E}.Debug|Any CPU.ActiveCfg = Debug|Any CPU
		{B1B1AC0C-DF43-4AF5-9285-68C87E810D4E}.Debug|Any CPU.Build.0 = Debug|Any CPU
		{B1B1AC0C-DF43-4AF5-9285-68C87E810D4E}.Release|Any CPU.ActiveCfg = Release|Any CPU
		{B1B1AC0C-DF43-4AF5-9285-68C87E810D4E}.Release|Any CPU.Build.0 = Release|Any CPU
		{F2191F99-8B99-4C58-88EE-A38E2F1022B5}.Debug|Any CPU.ActiveCfg = Debug|Any CPU
		{F2191F99-8B99-4C58-88EE-A38E2F1022B5}.Debug|Any CPU.Build.0 = Debug|Any CPU
		{F2191F99-8B99-4C58-88EE-A38E2F1022B5}.Release|Any CPU.ActiveCfg = Release|Any CPU
		{F2191F99-8B99-4C58-88EE-A38E2F1022B5}.Release|Any CPU.Build.0 = Release|Any CPU
		{6FE687CC-F510-4F50-B3BB-81BFC94C4D44}.Debug|Any CPU.ActiveCfg = Debug|Any CPU
		{6FE687CC-F510-4F50-B3BB-81BFC94C4D44}.Debug|Any CPU.Build.0 = Debug|Any CPU
		{6FE687CC-F510-4F50-B3BB-81BFC94C4D44}.Release|Any CPU.ActiveCfg = Release|Any CPU
		{6FE687CC-F510-4F50-B3BB-81BFC94C4D44}.Release|Any CPU.Build.0 = Release|Any CPU
	EndGlobalSection
	GlobalSection(SolutionProperties) = preSolution
		HideSolutionNode = FALSE
	EndGlobalSection
	GlobalSection(ExtensibilityGlobals) = postSolution
		SolutionGuid = {7EFD31B3-55DC-4BE3-B191-BE04FB88D850}
	EndGlobalSection
EndGlobal
